// !$*UTF8*$!
{
	archiveVersion = 1;
	classes = {
	};
	objectVersion = 46;
	objects = {

/* Begin PBXBuildFile section */
		ADE0AE2B1E21FDAA00EE4694 /* main.m in Sources */ = {isa = PBXBuildFile; fileRef = ADE0AE2A1E21FDAA00EE4694 /* main.m */; };
		ADE0AE2E1E21FDAA00EE4694 /* AppDelegate.m in Sources */ = {isa = PBXBuildFile; fileRef = ADE0AE2D1E21FDAA00EE4694 /* AppDelegate.m */; };
		ADE0AE311E21FDAA00EE4694 /* ViewController.m in Sources */ = {isa = PBXBuildFile; fileRef = ADE0AE301E21FDAA00EE4694 /* ViewController.m */; };
		ADE0AE341E21FDAA00EE4694 /* Main.storyboard in Resources */ = {isa = PBXBuildFile; fileRef = ADE0AE321E21FDAA00EE4694 /* Main.storyboard */; };
		ADE0AE361E21FDAA00EE4694 /* Assets.xcassets in Resources */ = {isa = PBXBuildFile; fileRef = ADE0AE351E21FDAA00EE4694 /* Assets.xcassets */; };
		ADE0AE391E21FDAA00EE4694 /* LaunchScreen.storyboard in Resources */ = {isa = PBXBuildFile; fileRef = ADE0AE371E21FDAA00EE4694 /* LaunchScreen.storyboard */; };
/* End PBXBuildFile section */

/* Begin PBXFileReference section */
		ADE0AE261E21FDAA00EE4694 /* DatabaseDemo.app */ = {isa = PBXFileReference; explicitFileType = wrapper.application; includeInIndex = 0; path = DatabaseDemo.app; sourceTree = BUILT_PRODUCTS_DIR; };
		ADE0AE2A1E21FDAA00EE4694 /* main.m */ = {isa = PBXFileReference; lastKnownFileType = sourcecode.c.objc; path = main.m; sourceTree = "<group>"; };
		ADE0AE2C1E21FDAA00EE4694 /* AppDelegate.h */ = {isa = PBXFileReference; lastKnownFileType = sourcecode.c.h; path = AppDelegate.h; sourceTree = "<group>"; };
		ADE0AE2D1E21FDAA00EE4694 /* AppDelegate.m */ = {isa = PBXFileReference; lastKnownFileType = sourcecode.c.objc; path = AppDelegate.m; sourceTree = "<group>"; };
		ADE0AE2F1E21FDAA00EE4694 /* ViewController.h */ = {isa = PBXFileReference; lastKnownFileType = sourcecode.c.h; path = ViewController.h; sourceTree = "<group>"; };
		ADE0AE301E21FDAA00EE4694 /* ViewController.m */ = {isa = PBXFileReference; lastKnownFileType = sourcecode.c.objc; path = ViewController.m; sourceTree = "<group>"; };
		ADE0AE331E21FDAA00EE4694 /* Base */ = {isa = PBXFileReference; lastKnownFileType = file.storyboard; name = Base; path = Base.lproj/Main.storyboard; sourceTree = "<group>"; };
		ADE0AE351E21FDAA00EE4694 /* Assets.xcassets */ = {isa = PBXFileReference; lastKnownFileType = folder.assetcatalog; path = Assets.xcassets; sourceTree = "<group>"; };
		ADE0AE381E21FDAA00EE4694 /* Base */ = {isa = PBXFileReference; lastKnownFileType = file.storyboard; name = Base; path = Base.lproj/LaunchScreen.storyboard; sourceTree = "<group>"; };
		ADE0AE3A1E21FDAA00EE4694 /* Info.plist */ = {isa = PBXFileReference; lastKnownFileType = text.plist.xml; path = Info.plist; sourceTree = "<group>"; };
/* End PBXFileReference section */

/* Begin PBXFrameworksBuildPhase section */
		ADE0AE231E21FDAA00EE4694 /* Frameworks */ = {
			isa = PBXFrameworksBuildPhase;
			buildActionMask = 2147483647;
			files = (
			);
			runOnlyForDeploymentPostprocessing = 0;
		};
/* End PBXFrameworksBuildPhase section */

/* Begin PBXGroup section */
		ADE0AE1D1E21FDA900EE4694 = {
			isa = PBXGroup;
			children = (
				ADE0AE281E21FDAA00EE4694 /* DatabaseDemo */,
				ADE0AE271E21FDAA00EE4694 /* Products */,
			);
			sourceTree = "<group>";
		};
		ADE0AE271E21FDAA00EE4694 /* Products */ = {
			isa = PBXGroup;
			children = (
				ADE0AE261E21FDAA00EE4694 /* DatabaseDemo.app */,
			);
			name = Products;
			sourceTree = "<group>";
		};
		ADE0AE281E21FDAA00EE4694 /* DatabaseDemo */ = {
			isa = PBXGroup;
			children = (
				ADE0AE2C1E21FDAA00EE4694 /* AppDelegate.h */,
				ADE0AE2D1E21FDAA00EE4694 /* AppDelegate.m */,
				ADE0AE2F1E21FDAA00EE4694 /* ViewController.h */,
				ADE0AE301E21FDAA00EE4694 /* ViewController.m */,
				ADE0AE321E21FDAA00EE4694 /* Main.storyboard */,
				ADE0AE351E21FDAA00EE4694 /* Assets.xcassets */,
				ADE0AE371E21FDAA00EE4694 /* LaunchScreen.storyboard */,
				ADE0AE3A1E21FDAA00EE4694 /* Info.plist */,
				ADE0AE291E21FDAA00EE4694 /* Supporting Files */,
			);
			path = DatabaseDemo;
			sourceTree = "<group>";
		};
		ADE0AE291E21FDAA00EE4694 /* Supporting Files */ = {
			isa = PBXGroup;
			children = (
				ADE0AE2A1E21FDAA00EE4694 /* main.m */,
			);
			name = "Supporting Files";
			sourceTree = "<group>";
		};
/* End PBXGroup section */

/* Begin PBXNativeTarget section */
		ADE0AE251E21FDAA00EE4694 /* DatabaseDemo */ = {
			isa = PBXNativeTarget;
			buildConfigurationList = ADE0AE3D1E21FDAA00EE4694 /* Build configuration list for PBXNativeTarget "DatabaseDemo" */;
			buildPhases = (
				ADE0AE221E21FDAA00EE4694 /* Sources */,
				ADE0AE231E21FDAA00EE4694 /* Frameworks */,
				ADE0AE241E21FDAA00EE4694 /* Resources */,
			);
			buildRules = (
			);
			dependencies = (
			);
			name = DatabaseDemo;
			productName = DatabaseDemo;
			productReference = ADE0AE261E21FDAA00EE4694 /* DatabaseDemo.app */;
			productType = "com.apple.product-type.application";
		};
/* End PBXNativeTarget section */

/* Begin PBXProject section */
		ADE0AE1E1E21FDA900EE4694 /* Project object */ = {
			isa = PBXProject;
			attributes = {
				LastUpgradeCheck = 0820;
				ORGANIZATIONNAME = "Abhinav Jayanthy";
				TargetAttributes = {
					ADE0AE251E21FDAA00EE4694 = {
						CreatedOnToolsVersion = 8.2.1;
						DevelopmentTeam = MRVSMVCU69;
						ProvisioningStyle = Automatic;
					};
				};
			};
			buildConfigurationList = ADE0AE211E21FDA900EE4694 /* Build configuration list for PBXProject "DatabaseDemo" */;
			compatibilityVersion = "Xcode 3.2";
			developmentRegion = English;
			hasScannedForEncodings = 0;
			knownRegions = (
				en,
				Base,
			);
			mainGroup = ADE0AE1D1E21FDA900EE4694;
			productRefGroup = ADE0AE271E21FDAA00EE4694 /* Products */;
			projectDirPath = "";
			projectRoot = "";
			targets = (
				ADE0AE251E21FDAA00EE4694 /* DatabaseDemo */,
			);
		};
/* End PBXProject section */

/* Begin PBXResourcesBuildPhase section */
		ADE0AE241E21FDAA00EE4694 /* Resources */ = {
			isa = PBXResourcesBuildPhase;
			buildActionMask = 2147483647;
			files = (
				ADE0AE391E21FDAA00EE4694 /* LaunchScreen.storyboard in Resources */,
				ADE0AE361E21FDAA00EE4694 /* Assets.xcassets in Resources */,
				ADE0AE341E21FDAA00EE4694 /* Main.storyboard in Resources */,
			);
			runOnlyForDeploymentPostprocessing = 0;
		};
/* End PBXResourcesBuildPhase section */

/* Begin PBXSourcesBuildPhase section */
		ADE0AE221E21FDAA00EE4694 /* Sources */ = {
			isa = PBXSourcesBuildPhase;
			buildActionMask = 2147483647;
			files = (
				ADE0AE311E21FDAA00EE4694 /* ViewController.m in Sources */,
				ADE0AE2E1E21FDAA00EE4694 /* AppDelegate.m in Sources */,
				ADE0AE2B1E21FDAA00EE4694 /* main.m in Sources */,
			);
			runOnlyForDeploymentPostprocessing = 0;
		};
/* End PBXSourcesBuildPhase section */

/* Begin PBXVariantGroup section */
		ADE0AE321E21FDAA00EE4694 /* Main.storyboard */ = {
			isa = PBXVariantGroup;
			children = (
				ADE0AE331E21FDAA00EE4694 /* Base */,
			);
			name = Main.storyboard;
			sourceTree = "<group>";
		};
		ADE0AE371E21FDAA00EE4694 /* LaunchScreen.storyboard */ = {
			isa = PBXVariantGroup;
			children = (
				ADE0AE381E21FDAA00EE4694 /* Base */,
			);
			name = LaunchScreen.storyboard;
			sourceTree = "<group>";
		};
/* End PBXVariantGroup section */

/* Begin XCBuildConfiguration section */
		ADE0AE3B1E21FDAA00EE4694 /* Debug */ = {
			isa = XCBuildConfiguration;
			buildSettings = {
				ALWAYS_SEARCH_USER_PATHS = NO;
				CLANG_ANALYZER_NONNULL = YES;
				CLANG_CXX_LANGUAGE_STANDARD = "gnu++0x";
				CLANG_CXX_LIBRARY = "libc++";
				CLANG_ENABLE_MODULES = YES;
				CLANG_ENABLE_OBJC_ARC = YES;
				CLANG_WARN_BOOL_CONVERSION = YES;
				CLANG_WARN_CONSTANT_CONVERSION = YES;
				CLANG_WARN_DIRECT_OBJC_ISA_USAGE = YES_ERROR;
				CLANG_WARN_DOCUMENTATION_COMMENTS = YES;
				CLANG_WARN_EMPTY_BODY = YES;
				CLANG_WARN_ENUM_CONVERSION = YES;
				CLANG_WARN_INFINITE_RECURSION = YES;
				CLANG_WARN_INT_CONVERSION = YES;
				CLANG_WARN_OBJC_ROOT_CLASS = YES_ERROR;
				CLANG_WARN_SUSPICIOUS_MOVE = YES;
				CLANG_WARN_UNREACHABLE_CODE = YES;
				CLANG_WARN__DUPLICATE_METHOD_MATCH = YES;
				"CODE_SIGN_IDENTITY[sdk=iphoneos*]" = "iPhone Developer";
				COPY_PHASE_STRIP = NO;
				DEBUG_INFORMATION_FORMAT = dwarf;
				ENABLE_STRICT_OBJC_MSGSEND = YES;
				ENABLE_TESTABILITY = YES;
				GCC_C_LANGUAGE_STANDARD = gnu99;
				GCC_DYNAMIC_NO_PIC = NO;
				GCC_NO_COMMON_BLOCKS = YES;
				GCC_OPTIMIZATION_LEVEL = 0;
				GCC_PREPROCESSOR_DEFINITIONS = (
					"DEBUG=1",
					"$(inherited)",
				);
				GCC_WARN_64_TO_32_BIT_CONVERSION = YES;
				GCC_WARN_ABOUT_RETURN_TYPE = YES_ERROR;
				GCC_WARN_UNDECLARED_SELECTOR = YES;
				GCC_WARN_UNINITIALIZED_AUTOS = YES_AGGRESSIVE;
				GCC_WARN_UNUSED_FUNCTION = YES;
				GCC_WARN_UNUSED_VARIABLE = YES;
				IPHONEOS_DEPLOYMENT_TARGET = 10.2;
				MTL_ENABLE_DEBUG_INFO = YES;
				ONLY_ACTIVE_ARCH = YES;
				SDKROOT = iphoneos;
				TARGETED_DEVICE_FAMILY = "1,2";
			};
			name = Debug;
		};
		ADE0AE3C1E21FDAA00EE4694 /* Release */ = {
			isa = XCBuildConfiguration;
			buildSettings = {
				ALWAYS_SEARCH_USER_PATHS = NO;
				CLANG_ANALYZER_NONNULL = YES;
				CLANG_CXX_LANGUAGE_STANDARD = "gnu++0x";
				CLANG_CXX_LIBRARY = "libc++";
				CLANG_ENABLE_MODULES = YES;
				CLANG_ENABLE_OBJC_ARC = YES;
				CLANG_WARN_BOOL_CONVERSION = YES;
				CLANG_WARN_CONSTANT_CONVERSION = YES;
				CLANG_WARN_DIRECT_OBJC_ISA_USAGE = YES_ERROR;
				CLANG_WARN_DOCUMENTATION_COMMENTS = YES;
				CLANG_WARN_EMPTY_BODY = YES;
				CLANG_WARN_ENUM_CONVERSION = YES;
				CLANG_WARN_INFINITE_RECURSION = YES;
				CLANG_WARN_INT_CONVERSION = YES;
				CLANG_WARN_OBJC_ROOT_CLASS = YES_ERROR;
				CLANG_WARN_SUSPICIOUS_MOVE = YES;
				CLANG_WARN_UNREACHABLE_CODE = YES;
				CLANG_WARN__DUPLICATE_METHOD_MATCH = YES;
				"CODE_SIGN_IDENTITY[sdk=iphoneos*]" = "iPhone Developer";
				COPY_PHASE_STRIP = NO;
				DEBUG_INFORMATION_FORMAT = "dwarf-with-dsym";
				ENABLE_NS_ASSERTIONS = NO;
				ENABLE_STRICT_OBJC_MSGSEND = YES;
				GCC_C_LANGUAGE_STANDARD = gnu99;
				GCC_NO_COMMON_BLOCKS = YES;
				GCC_WARN_64_TO_32_BIT_CONVERSION = YES;
				GCC_WARN_ABOUT_RETURN_TYPE = YES_ERROR;
				GCC_WARN_UNDECLARED_SELECTOR = YES;
				GCC_WARN_UNINITIALIZED_AUTOS = YES_AGGRESSIVE;
				GCC_WARN_UNUSED_FUNCTION = YES;
				GCC_WARN_UNUSED_VARIABLE = YES;
				IPHONEOS_DEPLOYMENT_TARGET = 10.2;
				MTL_ENABLE_DEBUG_INFO = NO;
				SDKROOT = iphoneos;
				TARGETED_DEVICE_FAMILY = "1,2";
				VALIDATE_PRODUCT = YES;
			};
			name = Release;
		};
		ADE0AE3E1E21FDAA00EE4694 /* Debug */ = {
			isa = XCBuildConfiguration;
			buildSettings = {
				ASSETCATALOG_COMPILER_APPICON_NAME = AppIcon;
				DEVELOPMENT_TEAM = MRVSMVCU69;
				INFOPLIST_FILE = DatabaseDemo/Info.plist;
				LD_RUNPATH_SEARCH_PATHS = "$(inherited) @executable_path/Frameworks";
				PRODUCT_BUNDLE_IDENTIFIER = com.Abhinav.DatabaseDemo;
				PRODUCT_NAME = "$(TARGET_NAME)";
			};
			name = Debug;
		};
		ADE0AE3F1E21FDAA00EE4694 /* Release */ = {
			isa = XCBuildConfiguration;
			buildSettings = {
				ASSETCATALOG_COMPILER_APPICON_NAME = AppIcon;
				DEVELOPMENT_TEAM = MRVSMVCU69;
				INFOPLIST_FILE = DatabaseDemo/Info.plist;
				LD_RUNPATH_SEARCH_PATHS = "$(inherited) @executable_path/Frameworks";
				PRODUCT_BUNDLE_IDENTIFIER = com.Abhinav.DatabaseDemo;
				PRODUCT_NAME = "$(TARGET_NAME)";
			};
			name = Release;
		};
/* End XCBuildConfiguration section */

/* Begin XCConfigurationList section */
		ADE0AE211E21FDA900EE4694 /* Build configuration list for PBXProject "DatabaseDemo" */ = {
			isa = XCConfigurationList;
			buildConfigurations = (
				ADE0AE3B1E21FDAA00EE4694 /* Debug */,
				ADE0AE3C1E21FDAA00EE4694 /* Release */,
			);
			defaultConfigurationIsVisible = 0;
			defaultConfigurationName = Release;
		};
		ADE0AE3D1E21FDAA00EE4694 /* Build configuration list for PBXNativeTarget "DatabaseDemo" */ = {
			isa = XCConfigurationList;
			buildConfigurations = (
				ADE0AE3E1E21FDAA00EE4694 /* Debug */,
				ADE0AE3F1E21FDAA00EE4694 /* Release */,
			);
			defaultConfigurationIsVisible = 0;
		};
/* End XCConfigurationList section */
	};
	rootObject = ADE0AE1E1E21FDA900EE4694 /* Project object */;
}
